
Microsoft Visual Studio Solution File, Format Version 12.00
# Visual Studio 15
VisualStudioVersion = 15.0.28307.438
MinimumVisualStudioVersion = 10.0.40219.1
Project("{FAE04EC0-301F-11D3-BF4B-00C04F79EFBC}") = "ConsoleApp1", "ConsoleApp1\ConsoleApp1.csproj", "{DF152029-4580-4242-A559-0139F4F75337}"
EndProject
Global
	GlobalSection(SolutionConfigurationPlatforms) = preSolution
		Debug|Any CPU = Debug|Any CPU
		Release|Any CPU = Release|Any CPU
	EndGlobalSection
	GlobalSection(ProjectConfigurationPlatforms) = postSolution
		{DF152029-4580-4242-A559-0139F4F75337}.Debug|Any CPU.ActiveCfg = Debug|Any CPU
		{DF152029-4580-4242-A559-0139F4F75337}.Debug|Any CPU.Build.0 = Debug|Any CPU
		{DF152029-4580-4242-A559-0139F4F75337}.Release|Any CPU.ActiveCfg = Release|Any CPU
		{DF152029-4580-4242-A559-0139F4F75337}.Release|Any CPU.Build.0 = Release|Any CPU
	EndGlobalSection
	GlobalSection(SolutionProperties) = preSolution
		HideSolutionNode = FALSE
	EndGlobalSection
	GlobalSection(ExtensibilityGlobals) = postSolution
		SolutionGuid = {68193E8A-6389-43C6-886D-7518E20B0CD7}
	EndGlobalSection
EndGlobal
